
Microsoft Visual Studio Solution File, Format Version 12.00
# Visual Studio Version 17
VisualStudioVersion = 17.1.32210.238
MinimumVisualStudioVersion = 10.0.40219.1
Project("{FAE04EC0-301F-11D3-BF4B-00C04F79EFBC}") = "HazırMetotlar", "HazırMetotlar\HazırMetotlar.csproj", "{01877211-CA6C-47C8-8300-3069CA47AC02}"
EndProject
Global
	GlobalSection(SolutionConfigurationPlatforms) = preSolution
		Debug|Any CPU = Debug|Any CPU
		Release|Any CPU = Release|Any CPU
	EndGlobalSection
	GlobalSection(ProjectConfigurationPlatforms) = postSolution
		{01877211-CA6C-47C8-8300-3069CA47AC02}.Debug|Any CPU.ActiveCfg = Debug|Any CPU
		{01877211-CA6C-47C8-8300-3069CA47AC02}.Debug|Any CPU.Build.0 = Debug|Any CPU
		{01877211-CA6C-47C8-8300-3069CA47AC02}.Release|Any CPU.ActiveCfg = Release|Any CPU
		{01877211-CA6C-47C8-8300-3069CA47AC02}.Release|Any CPU.Build.0 = Release|Any CPU
	EndGlobalSection
	GlobalSection(SolutionProperties) = preSolution
		HideSolutionNode = FALSE
	EndGlobalSection
	GlobalSection(ExtensibilityGlobals) = postSolution
		SolutionGuid = {9087CF18-6FF9-41AC-89D8-2EF9F5BA8ADD}
	EndGlobalSection
EndGlobal
